// !$*UTF8*$!
{
	archiveVersion = 1;
	classes = {
	};
	objectVersion = 50;
	objects = {

/* Begin PBXBuildFile section */
		C5CBBDD325171A7A0070B8D1 /* Chasm_blogApp.swift in Sources */ = {isa = PBXBuildFile; fileRef = C5CBBDC025171A790070B8D1 /* Chasm_blogApp.swift */; };
		C5CBBDD425171A7A0070B8D1 /* Chasm_blogApp.swift in Sources */ = {isa = PBXBuildFile; fileRef = C5CBBDC025171A790070B8D1 /* Chasm_blogApp.swift */; };
		C5CBBDD525171A7A0070B8D1 /* ContentView.swift in Sources */ = {isa = PBXBuildFile; fileRef = C5CBBDC125171A790070B8D1 /* ContentView.swift */; };
		C5CBBDD625171A7A0070B8D1 /* ContentView.swift in Sources */ = {isa = PBXBuildFile; fileRef = C5CBBDC125171A790070B8D1 /* ContentView.swift */; };
		C5CBBDD725171A7A0070B8D1 /* Assets.xcassets in Resources */ = {isa = PBXBuildFile; fileRef = C5CBBDC225171A7A0070B8D1 /* Assets.xcassets */; };
		C5CBBDD825171A7A0070B8D1 /* Assets.xcassets in Resources */ = {isa = PBXBuildFile; fileRef = C5CBBDC225171A7A0070B8D1 /* Assets.xcassets */; };
/* End PBXBuildFile section */

/* Begin PBXFileReference section */
		C5CBBDC025171A790070B8D1 /* Chasm_blogApp.swift */ = {isa = PBXFileReference; lastKnownFileType = sourcecode.swift; path = Chasm_blogApp.swift; sourceTree = "<group>"; };
		C5CBBDC125171A790070B8D1 /* ContentView.swift */ = {isa = PBXFileReference; lastKnownFileType = sourcecode.swift; path = ContentView.swift; sourceTree = "<group>"; };
		C5CBBDC225171A7A0070B8D1 /* Assets.xcassets */ = {isa = PBXFileReference; lastKnownFileType = folder.assetcatalog; path = Assets.xcassets; sourceTree = "<group>"; };
		C5CBBDC725171A7A0070B8D1 /* Chasm.blog.app */ = {isa = PBXFileReference; explicitFileType = wrapper.application; includeInIndex = 0; path = Chasm.blog.app; sourceTree = BUILT_PRODUCTS_DIR; };
		C5CBBDCA25171A7A0070B8D1 /* Info.plist */ = {isa = PBXFileReference; lastKnownFileType = text.plist.xml; path = Info.plist; sourceTree = "<group>"; };
		C5CBBDCF25171A7A0070B8D1 /* Chasm.blog.app */ = {isa = PBXFileReference; explicitFileType = wrapper.application; includeInIndex = 0; path = Chasm.blog.app; sourceTree = BUILT_PRODUCTS_DIR; };
		C5CBBDD125171A7A0070B8D1 /* Info.plist */ = {isa = PBXFileReference; lastKnownFileType = text.plist.xml; path = Info.plist; sourceTree = "<group>"; };
		C5CBBDD225171A7A0070B8D1 /* macOS.entitlements */ = {isa = PBXFileReference; lastKnownFileType = text.plist.entitlements; path = macOS.entitlements; sourceTree = "<group>"; };
/* End PBXFileReference section */

/* Begin PBXFrameworksBuildPhase section */
		C5CBBDC425171A7A0070B8D1 /* Frameworks */ = {
			isa = PBXFrameworksBuildPhase;
			buildActionMask = 2147483647;
			files = (
			);
			runOnlyForDeploymentPostprocessing = 0;
		};
		C5CBBDCC25171A7A0070B8D1 /* Frameworks */ = {
			isa = PBXFrameworksBuildPhase;
			buildActionMask = 2147483647;
			files = (
			);
			runOnlyForDeploymentPostprocessing = 0;
		};
/* End PBXFrameworksBuildPhase section */

/* Begin PBXGroup section */
		C5CBBDBA25171A790070B8D1 = {
			isa = PBXGroup;
			children = (
				C5CBBDBF25171A790070B8D1 /* Shared */,
				C5CBBDC925171A7A0070B8D1 /* iOS */,
				C5CBBDD025171A7A0070B8D1 /* macOS */,
				C5CBBDC825171A7A0070B8D1 /* Products */,
			);
			sourceTree = "<group>";
		};
		C5CBBDBF25171A790070B8D1 /* Shared */ = {
			isa = PBXGroup;
			children = (
				C5CBBDC025171A790070B8D1 /* Chasm_blogApp.swift */,
				C5CBBDC125171A790070B8D1 /* ContentView.swift */,
				C5CBBDC225171A7A0070B8D1 /* Assets.xcassets */,
			);
			path = Shared;
			sourceTree = "<group>";
		};
		C5CBBDC825171A7A0070B8D1 /* Products */ = {
			isa = PBXGroup;
			children = (
				C5CBBDC725171A7A0070B8D1 /* Chasm.blog.app */,
				C5CBBDCF25171A7A0070B8D1 /* Chasm.blog.app */,
			);
			name = Products;
			sourceTree = "<group>";
		};
		C5CBBDC925171A7A0070B8D1 /* iOS */ = {
			isa = PBXGroup;
			children = (
				C5CBBDCA25171A7A0070B8D1 /* Info.plist */,
			);
			path = iOS;
			sourceTree = "<group>";
		};
		C5CBBDD025171A7A0070B8D1 /* macOS */ = {
			isa = PBXGroup;
			children = (
				C5CBBDD125171A7A0070B8D1 /* Info.plist */,
				C5CBBDD225171A7A0070B8D1 /* macOS.entitlements */,
			);
			path = macOS;
			sourceTree = "<group>";
		};
/* End PBXGroup section */

/* Begin PBXNativeTarget section */
		C5CBBDC625171A7A0070B8D1 /* Chasm.blog (iOS) */ = {
			isa = PBXNativeTarget;
			buildConfigurationList = C5CBBDDB25171A7A0070B8D1 /* Build configuration list for PBXNativeTarget "Chasm.blog (iOS)" */;
			buildPhases = (
				C5CBBDC325171A7A0070B8D1 /* Sources */,
				C5CBBDC425171A7A0070B8D1 /* Frameworks */,
				C5CBBDC525171A7A0070B8D1 /* Resources */,
			);
			buildRules = (
			);
			dependencies = (
			);
			name = "Chasm.blog (iOS)";
			productName = "Chasm.blog (iOS)";
			productReference = C5CBBDC725171A7A0070B8D1 /* Chasm.blog.app */;
			productType = "com.apple.product-type.application";
		};
		C5CBBDCE25171A7A0070B8D1 /* Chasm.blog (macOS) */ = {
			isa = PBXNativeTarget;
			buildConfigurationList = C5CBBDDE25171A7A0070B8D1 /* Build configuration list for PBXNativeTarget "Chasm.blog (macOS)" */;
			buildPhases = (
				C5CBBDCB25171A7A0070B8D1 /* Sources */,
				C5CBBDCC25171A7A0070B8D1 /* Frameworks */,
				C5CBBDCD25171A7A0070B8D1 /* Resources */,
			);
			buildRules = (
			);
			dependencies = (
			);
			name = "Chasm.blog (macOS)";
			productName = "Chasm.blog (macOS)";
			productReference = C5CBBDCF25171A7A0070B8D1 /* Chasm.blog.app */;
			productType = "com.apple.product-type.application";
		};
/* End PBXNativeTarget section */

/* Begin PBXProject section */
		C5CBBDBB25171A790070B8D1 /* Project object */ = {
			isa = PBXProject;
			attributes = {
				LastSwiftUpdateCheck = 1220;
				LastUpgradeCheck = 1220;
				TargetAttributes = {
					C5CBBDC625171A7A0070B8D1 = {
						CreatedOnToolsVersion = 12.2;
					};
					C5CBBDCE25171A7A0070B8D1 = {
						CreatedOnToolsVersion = 12.2;
					};
				};
			};
			buildConfigurationList = C5CBBDBE25171A790070B8D1 /* Build configuration list for PBXProject "Chasm.blog" */;
			compatibilityVersion = "Xcode 9.3";
			developmentRegion = en;
			hasScannedForEncodings = 0;
			knownRegions = (
				en,
				Base,
			);
			mainGroup = C5CBBDBA25171A790070B8D1;
			productRefGroup = C5CBBDC825171A7A0070B8D1 /* Products */;
			projectDirPath = "";
			projectRoot = "";
			targets = (
				C5CBBDC625171A7A0070B8D1 /* Chasm.blog (iOS) */,
				C5CBBDCE25171A7A0070B8D1 /* Chasm.blog (macOS) */,
			);
		};
/* End PBXProject section */

/* Begin PBXResourcesBuildPhase section */
		C5CBBDC525171A7A0070B8D1 /* Resources */ = {
			isa = PBXResourcesBuildPhase;
			buildActionMask = 2147483647;
			files = (
				C5CBBDD725171A7A0070B8D1 /* Assets.xcassets in Resources */,
			);
			runOnlyForDeploymentPostprocessing = 0;
		};
		C5CBBDCD25171A7A0070B8D1 /* Resources */ = {
			isa = PBXResourcesBuildPhase;
			buildActionMask = 2147483647;
			files = (
				C5CBBDD825171A7A0070B8D1 /* Assets.xcassets in Resources */,
			);
			runOnlyForDeploymentPostprocessing = 0;
		};
/* End PBXResourcesBuildPhase section */

/* Begin PBXSourcesBuildPhase section */
		C5CBBDC325171A7A0070B8D1 /* Sources */ = {
			isa = PBXSourcesBuildPhase;
			buildActionMask = 2147483647;
			files = (
				C5CBBDD525171A7A0070B8D1 /* ContentView.swift in Sources */,
				C5CBBDD325171A7A0070B8D1 /* Chasm_blogApp.swift in Sources */,
			);
			runOnlyForDeploymentPostprocessing = 0;
		};
		C5CBBDCB25171A7A0070B8D1 /* Sources */ = {
			isa = PBXSourcesBuildPhase;
			buildActionMask = 2147483647;
			files = (
				C5CBBDD625171A7A0070B8D1 /* ContentView.swift in Sources */,
				C5CBBDD425171A7A0070B8D1 /* Chasm_blogApp.swift in Sources */,
			);
			runOnlyForDeploymentPostprocessing = 0;
		};
/* End PBXSourcesBuildPhase section */

/* Begin XCBuildConfiguration section */
		C5CBBDD925171A7A0070B8D1 /* Debug */ = {
			isa = XCBuildConfiguration;
			buildSettings = {
				ALWAYS_SEARCH_USER_PATHS = NO;
				CLANG_ANALYZER_NONNULL = YES;
				CLANG_ANALYZER_NUMBER_OBJECT_CONVERSION = YES_AGGRESSIVE;
				CLANG_CXX_LANGUAGE_STANDARD = "gnu++14";
				CLANG_CXX_LIBRARY = "libc++";
				CLANG_ENABLE_MODULES = YES;
				CLANG_ENABLE_OBJC_ARC = YES;
				CLANG_ENABLE_OBJC_WEAK = YES;
				CLANG_WARN_BLOCK_CAPTURE_AUTORELEASING = YES;
				CLANG_WARN_BOOL_CONVERSION = YES;
				CLANG_WARN_COMMA = YES;
				CLANG_WARN_CONSTANT_CONVERSION = YES;
				CLANG_WARN_DEPRECATED_OBJC_IMPLEMENTATIONS = YES;
				CLANG_WARN_DIRECT_OBJC_ISA_USAGE = YES_ERROR;
				CLANG_WARN_DOCUMENTATION_COMMENTS = YES;
				CLANG_WARN_EMPTY_BODY = YES;
				CLANG_WARN_ENUM_CONVERSION = YES;
				CLANG_WARN_INFINITE_RECURSION = YES;
				CLANG_WARN_INT_CONVERSION = YES;
				CLANG_WARN_NON_LITERAL_NULL_CONVERSION = YES;
				CLANG_WARN_OBJC_IMPLICIT_RETAIN_SELF = YES;
				CLANG_WARN_OBJC_LITERAL_CONVERSION = YES;
				CLANG_WARN_OBJC_ROOT_CLASS = YES_ERROR;
				CLANG_WARN_QUOTED_INCLUDE_IN_FRAMEWORK_HEADER = YES;
				CLANG_WARN_RANGE_LOOP_ANALYSIS = YES;
				CLANG_WARN_STRICT_PROTOTYPES = YES;
				CLANG_WARN_SUSPICIOUS_MOVE = YES;
				CLANG_WARN_UNGUARDED_AVAILABILITY = YES_AGGRESSIVE;
				CLANG_WARN_UNREACHABLE_CODE = YES;
				CLANG_WARN__DUPLICATE_METHOD_MATCH = YES;
				COPY_PHASE_STRIP = NO;
				DEBUG_INFORMATION_FORMAT = dwarf;
				ENABLE_STRICT_OBJC_MSGSEND = YES;
				ENABLE_TESTABILITY = YES;
				GCC_C_LANGUAGE_STANDARD = gnu11;
				GCC_DYNAMIC_NO_PIC = NO;
				GCC_NO_COMMON_BLOCKS = YES;
				GCC_OPTIMIZATION_LEVEL = 0;
				GCC_PREPROCESSOR_DEFINITIONS = (
					"DEBUG=1",
					"$(inherited)",
				);
				GCC_WARN_64_TO_32_BIT_CONVERSION = YES;
				GCC_WARN_ABOUT_RETURN_TYPE = YES_ERROR;
				GCC_WARN_UNDECLARED_SELECTOR = YES;
				GCC_WARN_UNINITIALIZED_AUTOS = YES_AGGRESSIVE;
				GCC_WARN_UNUSED_FUNCTION = YES;
				GCC_WARN_UNUSED_VARIABLE = YES;
				MTL_ENABLE_DEBUG_INFO = INCLUDE_SOURCE;
				MTL_FAST_MATH = YES;
				ONLY_ACTIVE_ARCH = YES;
				SWIFT_ACTIVE_COMPILATION_CONDITIONS = DEBUG;
				SWIFT_OPTIMIZATION_LEVEL = "-Onone";
			};
			name = Debug;
		};
		C5CBBDDA25171A7A0070B8D1 /* Release */ = {
			isa = XCBuildConfiguration;
			buildSettings = {
				ALWAYS_SEARCH_USER_PATHS = NO;
				CLANG_ANALYZER_NONNULL = YES;
				CLANG_ANALYZER_NUMBER_OBJECT_CONVERSION = YES_AGGRESSIVE;
				CLANG_CXX_LANGUAGE_STANDARD = "gnu++14";
				CLANG_CXX_LIBRARY = "libc++";
				CLANG_ENABLE_MODULES = YES;
				CLANG_ENABLE_OBJC_ARC = YES;
				CLANG_ENABLE_OBJC_WEAK = YES;
				CLANG_WARN_BLOCK_CAPTURE_AUTORELEASING = YES;
				CLANG_WARN_BOOL_CONVERSION = YES;
				CLANG_WARN_COMMA = YES;
				CLANG_WARN_CONSTANT_CONVERSION = YES;
				CLANG_WARN_DEPRECATED_OBJC_IMPLEMENTATIONS = YES;
				CLANG_WARN_DIRECT_OBJC_ISA_USAGE = YES_ERROR;
				CLANG_WARN_DOCUMENTATION_COMMENTS = YES;
				CLANG_WARN_EMPTY_BODY = YES;
				CLANG_WARN_ENUM_CONVERSION = YES;
				CLANG_WARN_INFINITE_RECURSION = YES;
				CLANG_WARN_INT_CONVERSION = YES;
				CLANG_WARN_NON_LITERAL_NULL_CONVERSION = YES;
				CLANG_WARN_OBJC_IMPLICIT_RETAIN_SELF = YES;
				CLANG_WARN_OBJC_LITERAL_CONVERSION = YES;
				CLANG_WARN_OBJC_ROOT_CLASS = YES_ERROR;
				CLANG_WARN_QUOTED_INCLUDE_IN_FRAMEWORK_HEADER = YES;
				CLANG_WARN_RANGE_LOOP_ANALYSIS = YES;
				CLANG_WARN_STRICT_PROTOTYPES = YES;
				CLANG_WARN_SUSPICIOUS_MOVE = YES;
				CLANG_WARN_UNGUARDED_AVAILABILITY = YES_AGGRESSIVE;
				CLANG_WARN_UNREACHABLE_CODE = YES;
				CLANG_WARN__DUPLICATE_METHOD_MATCH = YES;
				COPY_PHASE_STRIP = NO;
				DEBUG_INFORMATION_FORMAT = "dwarf-with-dsym";
				ENABLE_NS_ASSERTIONS = NO;
				ENABLE_STRICT_OBJC_MSGSEND = YES;
				GCC_C_LANGUAGE_STANDARD = gnu11;
				GCC_NO_COMMON_BLOCKS = YES;
				GCC_WARN_64_TO_32_BIT_CONVERSION = YES;
				GCC_WARN_ABOUT_RETURN_TYPE = YES_ERROR;
				GCC_WARN_UNDECLARED_SELECTOR = YES;
				GCC_WARN_UNINITIALIZED_AUTOS = YES_AGGRESSIVE;
				GCC_WARN_UNUSED_FUNCTION = YES;
				GCC_WARN_UNUSED_VARIABLE = YES;
				MTL_ENABLE_DEBUG_INFO = NO;
				MTL_FAST_MATH = YES;
				SWIFT_COMPILATION_MODE = wholemodule;
				SWIFT_OPTIMIZATION_LEVEL = "-O";
			};
			name = Release;
		};
		C5CBBDDC25171A7A0070B8D1 /* Debug */ = {
			isa = XCBuildConfiguration;
			buildSettings = {
				ASSETCATALOG_COMPILER_APPICON_NAME = AppIcon;
				ASSETCATALOG_COMPILER_GLOBAL_ACCENT_COLOR_NAME = AccentColor;
				CODE_SIGN_STYLE = Automatic;
				DEVELOPMENT_TEAM = 9E8SXF3Y36;
				ENABLE_PREVIEWS = YES;
				INFOPLIST_FILE = iOS/Info.plist;
				IPHONEOS_DEPLOYMENT_TARGET = 14.0;
				LD_RUNPATH_SEARCH_PATHS = (
					"$(inherited)",
					"@executable_path/Frameworks",
				);
				PRODUCT_BUNDLE_IDENTIFIER = "co.hartl.Chasm-blog";
				PRODUCT_NAME = Chasm.blog;
				SDKROOT = iphoneos;
				SWIFT_VERSION = 5.0;
				TARGETED_DEVICE_FAMILY = "1,2";
			};
			name = Debug;
		};
		C5CBBDDD25171A7A0070B8D1 /* Release */ = {
			isa = XCBuildConfiguration;
			buildSettings = {
				ASSETCATALOG_COMPILER_APPICON_NAME = AppIcon;
				ASSETCATALOG_COMPILER_GLOBAL_ACCENT_COLOR_NAME = AccentColor;
				CODE_SIGN_STYLE = Automatic;
				DEVELOPMENT_TEAM = 9E8SXF3Y36;
				ENABLE_PREVIEWS = YES;
				INFOPLIST_FILE = iOS/Info.plist;
				IPHONEOS_DEPLOYMENT_TARGET = 14.0;
				LD_RUNPATH_SEARCH_PATHS = (
					"$(inherited)",
					"@executable_path/Frameworks",
				);
				PRODUCT_BUNDLE_IDENTIFIER = "co.hartl.Chasm-blog";
				PRODUCT_NAME = Chasm.blog;
				SDKROOT = iphoneos;
				SWIFT_VERSION = 5.0;
				TARGETED_DEVICE_FAMILY = "1,2";
				VALIDATE_PRODUCT = YES;
			};
			name = Release;
		};
		C5CBBDDF25171A7A0070B8D1 /* Debug */ = {
			isa = XCBuildConfiguration;
			buildSettings = {
				ASSETCATALOG_COMPILER_APPICON_NAME = AppIcon;
				ASSETCATALOG_COMPILER_GLOBAL_ACCENT_COLOR_NAME = AccentColor;
				CODE_SIGN_ENTITLEMENTS = macOS/macOS.entitlements;
				CODE_SIGN_STYLE = Automatic;
				COMBINE_HIDPI_IMAGES = YES;
				DEVELOPMENT_TEAM = 9E8SXF3Y36;
				ENABLE_HARDENED_RUNTIME = YES;
				ENABLE_PREVIEWS = YES;
				INFOPLIST_FILE = macOS/Info.plist;
				LD_RUNPATH_SEARCH_PATHS = (
					"$(inherited)",
					"@executable_path/../Frameworks",
				);
				MACOSX_DEPLOYMENT_TARGET = 11.0;
				PRODUCT_BUNDLE_IDENTIFIER = "co.hartl.Chasm-blog";
				PRODUCT_NAME = Chasm.blog;
				SDKROOT = macosx;
				SWIFT_VERSION = 5.0;
			};
			name = Debug;
		};
		C5CBBDE025171A7A0070B8D1 /* Release */ = {
			isa = XCBuildConfiguration;
			buildSettings = {
				ASSETCATALOG_COMPILER_APPICON_NAME = AppIcon;
				ASSETCATALOG_COMPILER_GLOBAL_ACCENT_COLOR_NAME = AccentColor;
				CODE_SIGN_ENTITLEMENTS = macOS/macOS.entitlements;
				CODE_SIGN_STYLE = Automatic;
				COMBINE_HIDPI_IMAGES = YES;
				DEVELOPMENT_TEAM = 9E8SXF3Y36;
				ENABLE_HARDENED_RUNTIME = YES;
				ENABLE_PREVIEWS = YES;
				INFOPLIST_FILE = macOS/Info.plist;
				LD_RUNPATH_SEARCH_PATHS = (
					"$(inherited)",
					"@executable_path/../Frameworks",
				);
				MACOSX_DEPLOYMENT_TARGET = 11.0;
				PRODUCT_BUNDLE_IDENTIFIER = "co.hartl.Chasm-blog";
				PRODUCT_NAME = Chasm.blog;
				SDKROOT = macosx;
				SWIFT_VERSION = 5.0;
			};
			name = Release;
		};
/* End XCBuildConfiguration section */

/* Begin XCConfigurationList section */
		C5CBBDBE25171A790070B8D1 /* Build configuration list for PBXProject "Chasm.blog" */ = {
			isa = XCConfigurationList;
			buildConfigurations = (
				C5CBBDD925171A7A0070B8D1 /* Debug */,
				C5CBBDDA25171A7A0070B8D1 /* Release */,
			);
			defaultConfigurationIsVisible = 0;
			defaultConfigurationName = Release;
		};
		C5CBBDDB25171A7A0070B8D1 /* Build configuration list for PBXNativeTarget "Chasm.blog (iOS)" */ = {
			isa = XCConfigurationList;
			buildConfigurations = (
				C5CBBDDC25171A7A0070B8D1 /* Debug */,
				C5CBBDDD25171A7A0070B8D1 /* Release */,
			);
			defaultConfigurationIsVisible = 0;
			defaultConfigurationName = Release;
		};
		C5CBBDDE25171A7A0070B8D1 /* Build configuration list for PBXNativeTarget "Chasm.blog (macOS)" */ = {
			isa = XCConfigurationList;
			buildConfigurations = (
				C5CBBDDF25171A7A0070B8D1 /* Debug */,
				C5CBBDE025171A7A0070B8D1 /* Release */,
			);
			defaultConfigurationIsVisible = 0;
			defaultConfigurationName = Release;
		};
/* End XCConfigurationList section */
	};
	rootObject = C5CBBDBB25171A790070B8D1 /* Project object */;
}
